
Microsoft Visual Studio Solution File, Format Version 12.00
# Visual Studio Version 16
VisualStudioVersion = 16.0.31702.278
MinimumVisualStudioVersion = 10.0.40219.1
Project("{FAE04EC0-301F-11D3-BF4B-00C04F79EFBC}") = "RockPaperScissors", "RockPaperScissors\RockPaperScissors.csproj", "{E337E11D-4CF8-43BB-BCE9-CAA3C5FF1606}"
EndProject
Global
	GlobalSection(SolutionConfigurationPlatforms) = preSolution
		Debug|Any CPU = Debug|Any CPU
		Release|Any CPU = Release|Any CPU
	EndGlobalSection
	GlobalSection(ProjectConfigurationPlatforms) = postSolution
		{E337E11D-4CF8-43BB-BCE9-CAA3C5FF1606}.Debug|Any CPU.ActiveCfg = Debug|Any CPU
		{E337E11D-4CF8-43BB-BCE9-CAA3C5FF1606}.Debug|Any CPU.Build.0 = Debug|Any CPU
		{E337E11D-4CF8-43BB-BCE9-CAA3C5FF1606}.Release|Any CPU.ActiveCfg = Release|Any CPU
		{E337E11D-4CF8-43BB-BCE9-CAA3C5FF1606}.Release|Any CPU.Build.0 = Release|Any CPU
	EndGlobalSection
	GlobalSection(SolutionProperties) = preSolution
		HideSolutionNode = FALSE
	EndGlobalSection
	GlobalSection(ExtensibilityGlobals) = postSolution
		SolutionGuid = {F0C4D633-D0B8-465A-B136-C45FBCF68B36}
	EndGlobalSection
EndGlobal
