
Microsoft Visual Studio Solution File, Format Version 12.00
# Visual Studio Version 16
VisualStudioVersion = 16.0.31702.278
MinimumVisualStudioVersion = 10.0.40219.1
Project("{FAE04EC0-301F-11D3-BF4B-00C04F79EFBC}") = "Chapter 3 program - Homework 1", "Chapter 3 program - Homework 1\Chapter 3 program - Homework 1.csproj", "{32C46A9B-9313-488A-A322-22AE24D7F39F}"
EndProject
Global
	GlobalSection(SolutionConfigurationPlatforms) = preSolution
		Debug|Any CPU = Debug|Any CPU
		Release|Any CPU = Release|Any CPU
	EndGlobalSection
	GlobalSection(ProjectConfigurationPlatforms) = postSolution
		{32C46A9B-9313-488A-A322-22AE24D7F39F}.Debug|Any CPU.ActiveCfg = Debug|Any CPU
		{32C46A9B-9313-488A-A322-22AE24D7F39F}.Debug|Any CPU.Build.0 = Debug|Any CPU
		{32C46A9B-9313-488A-A322-22AE24D7F39F}.Release|Any CPU.ActiveCfg = Release|Any CPU
		{32C46A9B-9313-488A-A322-22AE24D7F39F}.Release|Any CPU.Build.0 = Release|Any CPU
	EndGlobalSection
	GlobalSection(SolutionProperties) = preSolution
		HideSolutionNode = FALSE
	EndGlobalSection
	GlobalSection(ExtensibilityGlobals) = postSolution
		SolutionGuid = {3C2C8C7B-BD05-4EE9-9E91-94D42480860E}
	EndGlobalSection
EndGlobal
