
Microsoft Visual Studio Solution File, Format Version 12.00
# Visual Studio Version 16
VisualStudioVersion = 16.0.31702.278
MinimumVisualStudioVersion = 10.0.40219.1
Project("{FAE04EC0-301F-11D3-BF4B-00C04F79EFBC}") = "PizzaTime", "PizzaTime\PizzaTime.csproj", "{B2AADFBA-8A6D-4F9F-A091-64079BB6310D}"
EndProject
Global
	GlobalSection(SolutionConfigurationPlatforms) = preSolution
		Debug|Any CPU = Debug|Any CPU
		Release|Any CPU = Release|Any CPU
	EndGlobalSection
	GlobalSection(ProjectConfigurationPlatforms) = postSolution
		{B2AADFBA-8A6D-4F9F-A091-64079BB6310D}.Debug|Any CPU.ActiveCfg = Debug|Any CPU
		{B2AADFBA-8A6D-4F9F-A091-64079BB6310D}.Debug|Any CPU.Build.0 = Debug|Any CPU
		{B2AADFBA-8A6D-4F9F-A091-64079BB6310D}.Release|Any CPU.ActiveCfg = Release|Any CPU
		{B2AADFBA-8A6D-4F9F-A091-64079BB6310D}.Release|Any CPU.Build.0 = Release|Any CPU
	EndGlobalSection
	GlobalSection(SolutionProperties) = preSolution
		HideSolutionNode = FALSE
	EndGlobalSection
	GlobalSection(ExtensibilityGlobals) = postSolution
		SolutionGuid = {5621A959-09AE-48C6-9534-2F27DFD0A404}
	EndGlobalSection
EndGlobal
